
Microsoft Visual Studio Solution File, Format Version 12.00
# Visual Studio 14
VisualStudioVersion = 14.0.25420.1
MinimumVisualStudioVersion = 10.0.40219.1
Project("{FAE04EC0-301F-11D3-BF4B-00C04F79EFBC}") = "Admission Contest Cli", "Admissin Contest Cli\Admission Contest Cli.csproj", "{3206A711-E8EE-4E16-9CA9-F43BE89E518A}"
EndProject
Project("{FAE04EC0-301F-11D3-BF4B-00C04F79EFBC}") = "Admission Contest CliTests", "Admissin Contest CliTests\Admission Contest CliTests.csproj", "{A234905C-196B-4F2A-A34E-0573F7FD8BDD}"
EndProject
Global
	GlobalSection(SolutionConfigurationPlatforms) = preSolution
		Debug|Any CPU = Debug|Any CPU
		Release|Any CPU = Release|Any CPU
	EndGlobalSection
	GlobalSection(ProjectConfigurationPlatforms) = postSolution
		{3206A711-E8EE-4E16-9CA9-F43BE89E518A}.Debug|Any CPU.ActiveCfg = Debug|Any CPU
		{3206A711-E8EE-4E16-9CA9-F43BE89E518A}.Debug|Any CPU.Build.0 = Debug|Any CPU
		{3206A711-E8EE-4E16-9CA9-F43BE89E518A}.Release|Any CPU.ActiveCfg = Release|Any CPU
		{3206A711-E8EE-4E16-9CA9-F43BE89E518A}.Release|Any CPU.Build.0 = Release|Any CPU
		{A234905C-196B-4F2A-A34E-0573F7FD8BDD}.Debug|Any CPU.ActiveCfg = Debug|Any CPU
		{A234905C-196B-4F2A-A34E-0573F7FD8BDD}.Debug|Any CPU.Build.0 = Debug|Any CPU
		{A234905C-196B-4F2A-A34E-0573F7FD8BDD}.Release|Any CPU.ActiveCfg = Release|Any CPU
		{A234905C-196B-4F2A-A34E-0573F7FD8BDD}.Release|Any CPU.Build.0 = Release|Any CPU
	EndGlobalSection
	GlobalSection(SolutionProperties) = preSolution
		HideSolutionNode = FALSE
	EndGlobalSection
EndGlobal
